
Microsoft Visual Studio Solution File, Format Version 12.00
# Visual Studio 14
VisualStudioVersion = 14.0.25123.0
MinimumVisualStudioVersion = 10.0.40219.1
Project("{FAE04EC0-301F-11D3-BF4B-00C04F79EFBC}") = "Float Menu", "Float Menu\Float Menu.csproj", "{A1B6ED72-770B-4613-BAC1-59B5EA34F4A8}"
EndProject
Project("{FAE04EC0-301F-11D3-BF4B-00C04F79EFBC}") = "C Menu Binding", "..\C Menu Binding\C Menu Binding\C Menu Binding.csproj", "{7B1BA60A-F488-4482-B2CB-28F4B145992F}"
EndProject
Global
	GlobalSection(SolutionConfigurationPlatforms) = preSolution
		Debug|Any CPU = Debug|Any CPU
		Release|Any CPU = Release|Any CPU
	EndGlobalSection
	GlobalSection(ProjectConfigurationPlatforms) = postSolution
		{A1B6ED72-770B-4613-BAC1-59B5EA34F4A8}.Debug|Any CPU.ActiveCfg = Debug|Any CPU
		{A1B6ED72-770B-4613-BAC1-59B5EA34F4A8}.Debug|Any CPU.Build.0 = Debug|Any CPU
		{A1B6ED72-770B-4613-BAC1-59B5EA34F4A8}.Debug|Any CPU.Deploy.0 = Debug|Any CPU
		{A1B6ED72-770B-4613-BAC1-59B5EA34F4A8}.Release|Any CPU.ActiveCfg = Release|Any CPU
		{A1B6ED72-770B-4613-BAC1-59B5EA34F4A8}.Release|Any CPU.Build.0 = Release|Any CPU
		{A1B6ED72-770B-4613-BAC1-59B5EA34F4A8}.Release|Any CPU.Deploy.0 = Release|Any CPU
		{7B1BA60A-F488-4482-B2CB-28F4B145992F}.Debug|Any CPU.ActiveCfg = Debug|Any CPU
		{7B1BA60A-F488-4482-B2CB-28F4B145992F}.Debug|Any CPU.Build.0 = Debug|Any CPU
		{7B1BA60A-F488-4482-B2CB-28F4B145992F}.Release|Any CPU.ActiveCfg = Release|Any CPU
		{7B1BA60A-F488-4482-B2CB-28F4B145992F}.Release|Any CPU.Build.0 = Release|Any CPU
	EndGlobalSection
	GlobalSection(SolutionProperties) = preSolution
		HideSolutionNode = FALSE
	EndGlobalSection
EndGlobal
